
Microsoft Visual Studio Solution File, Format Version 12.00
# Visual Studio Version 16
VisualStudioVersion = 16.0.33927.289
MinimumVisualStudioVersion = 10.0.40219.1
Project("{2150E333-8FDC-42A3-9474-1A3956D46DE8}") = "Task0", "Task0", "{8ACBCBD5-B666-41EE-BBFA-E7AB339DEA1A}"
EndProject
Project("{FAE04EC0-301F-11D3-BF4B-00C04F79EFBC}") = "Tyuiu.KalimullinaAH.Sprint5.Task0.V29", "Tyuiu.KalimullinaAH.Sprint5.Task0.V29\Tyuiu.KalimullinaAH.Sprint5.Task0.V29.csproj", "{C2D76F8C-95D8-4458-A52A-8C0D6BA5ECAC}"
EndProject
Project("{FAE04EC0-301F-11D3-BF4B-00C04F79EFBC}") = "Tyuiu.KalimullinaAH.Sprint5.Task0.V29.Lib", "Tyuiu.KalimullinaAH.Sprint5.Task0.V29.Lib\Tyuiu.KalimullinaAH.Sprint5.Task0.V29.Lib.csproj", "{5EDF88AD-BC0F-4149-BE83-D58024924BDC}"
EndProject
Project("{FAE04EC0-301F-11D3-BF4B-00C04F79EFBC}") = "Tyuiu.KalimullinaAH.Sprint5.Task0.V29.Test", "Tyuiu.KalimullinaAH.Sprint5.Task0.V29.Test\Tyuiu.KalimullinaAH.Sprint5.Task0.V29.Test.csproj", "{E75D7F76-0DFD-4CA3-9AFF-2466689428AF}"
EndProject
Project("{2150E333-8FDC-42A3-9474-1A3956D46DE8}") = "Task1", "Task1", "{DC91B3B4-7766-427A-9757-B8F0A48C53D7}"
EndProject
Project("{FAE04EC0-301F-11D3-BF4B-00C04F79EFBC}") = "Tyuiu.KalimullinaAH.Sprint5.Task1.V15", "Tyuiu.KalimullinaAH.Sprint5.Task1.V15\Tyuiu.KalimullinaAH.Sprint5.Task1.V15.csproj", "{4DB40983-970D-4009-80F6-1973F0E6AD46}"
EndProject
Project("{FAE04EC0-301F-11D3-BF4B-00C04F79EFBC}") = "Tyuiu.KalimullinaAH.Sprint5.Task1.V15.Test", "Tyuiu.KalimullinaAH.Sprint5.Task1.V15.Test\Tyuiu.KalimullinaAH.Sprint5.Task1.V15.Test.csproj", "{B84CE394-918B-4DC3-B45F-ACA17A411FBD}"
EndProject
Project("{FAE04EC0-301F-11D3-BF4B-00C04F79EFBC}") = "Tyuiu.KalimullinaAH.Sprint5.Task1.V15.Lib", "Tyuiu.KalimullinaAH.Sprint5.Task1.V15.Lib\Tyuiu.KalimullinaAH.Sprint5.Task1.V15.Lib.csproj", "{7837DAAF-6AA8-460E-990D-0B87DBDE58B1}"
EndProject
Project("{2150E333-8FDC-42A3-9474-1A3956D46DE8}") = "Task2", "Task2", "{2DFB76E5-4CFC-49BC-9BE5-2E54A8CF0861}"
EndProject
Project("{FAE04EC0-301F-11D3-BF4B-00C04F79EFBC}") = "Tyuiu.KalimullinaAH.Sprint5.Task2.V1", "Tyuiu.KalimullinaAH.Sprint5.Task2.V1\Tyuiu.KalimullinaAH.Sprint5.Task2.V1.csproj", "{B0E20494-FDB3-4F2C-9F9D-621941DCB84C}"
EndProject
Project("{FAE04EC0-301F-11D3-BF4B-00C04F79EFBC}") = "Tyuiu.KalimullinaAH.Sprint5.Task2.V1.Lib", "Tyuiu.KalimullinaAH.Sprint5.Task2.V1.Lib\Tyuiu.KalimullinaAH.Sprint5.Task2.V1.Lib.csproj", "{E59AEA31-6857-49E6-AC39-35D96CB60B38}"
EndProject
Project("{FAE04EC0-301F-11D3-BF4B-00C04F79EFBC}") = "Tyuiu.KalimullinaAH.Sprint5.Task2.V1.Test", "Tyuiu.KalimullinaAH.Sprint5.Task2.V1.Test\Tyuiu.KalimullinaAH.Sprint5.Task2.V1.Test.csproj", "{D1EC7864-3B6A-4EF4-8711-61EC5C5F46C6}"
EndProject
Project("{2150E333-8FDC-42A3-9474-1A3956D46DE8}") = "Task3", "Task3", "{5672E850-B392-4F29-B402-FCD244956AD4}"
EndProject
Project("{FAE04EC0-301F-11D3-BF4B-00C04F79EFBC}") = "Tyuiu.KalimullinaAH.Sprint5.Task3.V11", "Tyuiu.KalimullinaAH.Sprint5.Task3.V11\Tyuiu.KalimullinaAH.Sprint5.Task3.V11.csproj", "{FC79F0CF-F979-4ACC-810C-5E8C3D134C34}"
EndProject
Project("{FAE04EC0-301F-11D3-BF4B-00C04F79EFBC}") = "Tyuiu.KalimullinaAH.Sprint5.Task3.V11.Lib", "Tyuiu.KalimullinaAH.Sprint5.Task3.V11.Lib\Tyuiu.KalimullinaAH.Sprint5.Task3.V11.Lib.csproj", "{4BA3B903-E901-4D75-B057-54B8FC0FBF10}"
EndProject
Project("{FAE04EC0-301F-11D3-BF4B-00C04F79EFBC}") = "Tyuiu.KalimullinaAH.Sprint5.Task3.V11.Test", "Tyuiu.KalimullinaAH.Sprint5.Task3.V11.Test\Tyuiu.KalimullinaAH.Sprint5.Task3.V11.Test.csproj", "{AF4389FE-26E8-4827-A441-3308E2567A79}"
EndProject
Project("{2150E333-8FDC-42A3-9474-1A3956D46DE8}") = "Task4", "Task4", "{6666637D-D5FC-4CBC-9323-906F605D7F2B}"
EndProject
Project("{FAE04EC0-301F-11D3-BF4B-00C04F79EFBC}") = "Tyuiu.KalimullinaAH.Sprint5.Task4.V8", "Tyuiu.KalimullinaAH.Sprint5.Task4.V8\Tyuiu.KalimullinaAH.Sprint5.Task4.V8.csproj", "{CA258381-0325-4B27-B69B-33BBDDC46124}"
EndProject
Project("{FAE04EC0-301F-11D3-BF4B-00C04F79EFBC}") = "Tyuiu.KalimullinaAH.Sprint5.Task4.V8.Test", "Tyuiu.KalimullinaAH.Sprint5.Task4.V8.Test\Tyuiu.KalimullinaAH.Sprint5.Task4.V8.Test.csproj", "{8DD412DD-EC18-4A17-A961-8B2479AE4948}"
EndProject
Project("{FAE04EC0-301F-11D3-BF4B-00C04F79EFBC}") = "Tyuiu.KalimullinaAH.Sprint5.Task4.V8.Lib", "Tyuiu.KalimullinaAH.Sprint5.Task4.V8.Lib\Tyuiu.KalimullinaAH.Sprint5.Task4.V8.Lib.csproj", "{B4BA42E3-8E0A-459C-A575-045C93BECE8E}"
EndProject
Project("{2150E333-8FDC-42A3-9474-1A3956D46DE8}") = "Task5", "Task5", "{57CF704B-5FFB-4BCD-86E3-446EA455AD86}"
EndProject
Project("{FAE04EC0-301F-11D3-BF4B-00C04F79EFBC}") = "Tyuiu.KalimullinaAH.Sprint5.Task5.V28", "Tyuiu.KalimullinaAH.Sprint5.Task5.V28\Tyuiu.KalimullinaAH.Sprint5.Task5.V28.csproj", "{0911B4E8-F4D1-4DDE-B95B-800E98EF4404}"
EndProject
Project("{FAE04EC0-301F-11D3-BF4B-00C04F79EFBC}") = "Tyuiu.KalimullinaAH.Sprint5.Task5.V28.Lib", "Tyuiu.KalimullinaAH.Sprint5.Task5.V28.Lib\Tyuiu.KalimullinaAH.Sprint5.Task5.V28.Lib.csproj", "{40667819-B780-49E4-BAEB-F1848E1C6398}"
EndProject
Project("{FAE04EC0-301F-11D3-BF4B-00C04F79EFBC}") = "Tyuiu.KalimullinaAH.Sprint5.Task5.V28.Test", "Tyuiu.KalimullinaAH.Sprint5.Task5.V28.Test\Tyuiu.KalimullinaAH.Sprint5.Task5.V28.Test.csproj", "{1DF69054-90CE-4934-8CAD-74359353EC1A}"
EndProject
Project("{2150E333-8FDC-42A3-9474-1A3956D46DE8}") = "Task6", "Task6", "{8C66F42F-E872-47EA-8935-13F2C248CAD2}"
EndProject
Project("{FAE04EC0-301F-11D3-BF4B-00C04F79EFBC}") = "Tyuiu.KalimullinaAH.Sprint5.Task6.V21", "Tyuiu.KalimullinaAH.Sprint5.Task6.V21\Tyuiu.KalimullinaAH.Sprint5.Task6.V21.csproj", "{373F9563-5B25-409D-83AA-BE66014B7F7A}"
EndProject
Project("{FAE04EC0-301F-11D3-BF4B-00C04F79EFBC}") = "Tyuiu.KalimullinaAH.Sprint5.Task6.V21.Lib", "Tyuiu.KalimullinaAH.Sprint5.Task6.V21.Lib\Tyuiu.KalimullinaAH.Sprint5.Task6.V21.Lib.csproj", "{F25CCC8D-C61E-44C9-B19D-B7263D2BF1AF}"
EndProject
Project("{FAE04EC0-301F-11D3-BF4B-00C04F79EFBC}") = "Tyuiu.KalimullinaAH.Sprint5.Task6.V21.Test", "Tyuiu.KalimullinaAH.Sprint5.Task6.V21.Test\Tyuiu.KalimullinaAH.Sprint5.Task6.V21.Test.csproj", "{BC8CCD28-6916-4B74-9D78-03B74E989392}"
EndProject
Project("{2150E333-8FDC-42A3-9474-1A3956D46DE8}") = "Task7", "Task7", "{9943F027-2673-4721-BBFD-961AD0ED905F}"
EndProject
Project("{FAE04EC0-301F-11D3-BF4B-00C04F79EFBC}") = "Tyuiu.KalimullinaAH.Sprint5.Task7.V6", "Tyuiu.KalimullinaAH.Sprint5.Task7.V6\Tyuiu.KalimullinaAH.Sprint5.Task7.V6.csproj", "{9220BCA2-8D9E-4BA3-AF78-F35D97314C64}"
EndProject
Project("{FAE04EC0-301F-11D3-BF4B-00C04F79EFBC}") = "Tyuiu.KalimullinaAH.Sprint5.Task7.V6.Lib", "Tyuiu.KalimullinaAH.Sprint5.Task7.V6.Lib\Tyuiu.KalimullinaAH.Sprint5.Task7.V6.Lib.csproj", "{0F17A621-7F82-41AF-9A4F-4D679DC12398}"
EndProject
Project("{FAE04EC0-301F-11D3-BF4B-00C04F79EFBC}") = "Tyuiu.KalimullinaAH.Sprint5.Task7.V6.Test", "Tyuiu.KalimullinaAH.Sprint5.Task7.V6.Test\Tyuiu.KalimullinaAH.Sprint5.Task7.V6.Test.csproj", "{BA4A3D2C-022C-4342-BE9E-CC1F148CA2D7}"
EndProject
Global
	GlobalSection(SolutionConfigurationPlatforms) = preSolution
		Debug|Any CPU = Debug|Any CPU
		Release|Any CPU = Release|Any CPU
	EndGlobalSection
	GlobalSection(ProjectConfigurationPlatforms) = postSolution
		{C2D76F8C-95D8-4458-A52A-8C0D6BA5ECAC}.Debug|Any CPU.ActiveCfg = Debug|Any CPU
		{C2D76F8C-95D8-4458-A52A-8C0D6BA5ECAC}.Debug|Any CPU.Build.0 = Debug|Any CPU
		{C2D76F8C-95D8-4458-A52A-8C0D6BA5ECAC}.Release|Any CPU.ActiveCfg = Release|Any CPU
		{C2D76F8C-95D8-4458-A52A-8C0D6BA5ECAC}.Release|Any CPU.Build.0 = Release|Any CPU
		{5EDF88AD-BC0F-4149-BE83-D58024924BDC}.Debug|Any CPU.ActiveCfg = Debug|Any CPU
		{5EDF88AD-BC0F-4149-BE83-D58024924BDC}.Debug|Any CPU.Build.0 = Debug|Any CPU
		{5EDF88AD-BC0F-4149-BE83-D58024924BDC}.Release|Any CPU.ActiveCfg = Release|Any CPU
		{5EDF88AD-BC0F-4149-BE83-D58024924BDC}.Release|Any CPU.Build.0 = Release|Any CPU
		{E75D7F76-0DFD-4CA3-9AFF-2466689428AF}.Debug|Any CPU.ActiveCfg = Debug|Any CPU
		{E75D7F76-0DFD-4CA3-9AFF-2466689428AF}.Debug|Any CPU.Build.0 = Debug|Any CPU
		{E75D7F76-0DFD-4CA3-9AFF-2466689428AF}.Release|Any CPU.ActiveCfg = Release|Any CPU
		{E75D7F76-0DFD-4CA3-9AFF-2466689428AF}.Release|Any CPU.Build.0 = Release|Any CPU
		{4DB40983-970D-4009-80F6-1973F0E6AD46}.Debug|Any CPU.ActiveCfg = Debug|Any CPU
		{4DB40983-970D-4009-80F6-1973F0E6AD46}.Debug|Any CPU.Build.0 = Debug|Any CPU
		{4DB40983-970D-4009-80F6-1973F0E6AD46}.Release|Any CPU.ActiveCfg = Release|Any CPU
		{4DB40983-970D-4009-80F6-1973F0E6AD46}.Release|Any CPU.Build.0 = Release|Any CPU
		{B84CE394-918B-4DC3-B45F-ACA17A411FBD}.Debug|Any CPU.ActiveCfg = Debug|Any CPU
		{B84CE394-918B-4DC3-B45F-ACA17A411FBD}.Debug|Any CPU.Build.0 = Debug|Any CPU
		{B84CE394-918B-4DC3-B45F-ACA17A411FBD}.Release|Any CPU.ActiveCfg = Release|Any CPU
		{B84CE394-918B-4DC3-B45F-ACA17A411FBD}.Release|Any CPU.Build.0 = Release|Any CPU
		{7837DAAF-6AA8-460E-990D-0B87DBDE58B1}.Debug|Any CPU.ActiveCfg = Debug|Any CPU
		{7837DAAF-6AA8-460E-990D-0B87DBDE58B1}.Debug|Any CPU.Build.0 = Debug|Any CPU
		{7837DAAF-6AA8-460E-990D-0B87DBDE58B1}.Release|Any CPU.ActiveCfg = Release|Any CPU
		{7837DAAF-6AA8-460E-990D-0B87DBDE58B1}.Release|Any CPU.Build.0 = Release|Any CPU
		{B0E20494-FDB3-4F2C-9F9D-621941DCB84C}.Debug|Any CPU.ActiveCfg = Debug|Any CPU
		{B0E20494-FDB3-4F2C-9F9D-621941DCB84C}.Debug|Any CPU.Build.0 = Debug|Any CPU
		{B0E20494-FDB3-4F2C-9F9D-621941DCB84C}.Release|Any CPU.ActiveCfg = Release|Any CPU
		{B0E20494-FDB3-4F2C-9F9D-621941DCB84C}.Release|Any CPU.Build.0 = Release|Any CPU
		{E59AEA31-6857-49E6-AC39-35D96CB60B38}.Debug|Any CPU.ActiveCfg = Debug|Any CPU
		{E59AEA31-6857-49E6-AC39-35D96CB60B38}.Debug|Any CPU.Build.0 = Debug|Any CPU
		{E59AEA31-6857-49E6-AC39-35D96CB60B38}.Release|Any CPU.ActiveCfg = Release|Any CPU
		{E59AEA31-6857-49E6-AC39-35D96CB60B38}.Release|Any CPU.Build.0 = Release|Any CPU
		{D1EC7864-3B6A-4EF4-8711-61EC5C5F46C6}.Debug|Any CPU.ActiveCfg = Debug|Any CPU
		{D1EC7864-3B6A-4EF4-8711-61EC5C5F46C6}.Debug|Any CPU.Build.0 = Debug|Any CPU
		{D1EC7864-3B6A-4EF4-8711-61EC5C5F46C6}.Release|Any CPU.ActiveCfg = Release|Any CPU
		{D1EC7864-3B6A-4EF4-8711-61EC5C5F46C6}.Release|Any CPU.Build.0 = Release|Any CPU
		{FC79F0CF-F979-4ACC-810C-5E8C3D134C34}.Debug|Any CPU.ActiveCfg = Debug|Any CPU
		{FC79F0CF-F979-4ACC-810C-5E8C3D134C34}.Debug|Any CPU.Build.0 = Debug|Any CPU
		{FC79F0CF-F979-4ACC-810C-5E8C3D134C34}.Release|Any CPU.ActiveCfg = Release|Any CPU
		{FC79F0CF-F979-4ACC-810C-5E8C3D134C34}.Release|Any CPU.Build.0 = Release|Any CPU
		{4BA3B903-E901-4D75-B057-54B8FC0FBF10}.Debug|Any CPU.ActiveCfg = Debug|Any CPU
		{4BA3B903-E901-4D75-B057-54B8FC0FBF10}.Debug|Any CPU.Build.0 = Debug|Any CPU
		{4BA3B903-E901-4D75-B057-54B8FC0FBF10}.Release|Any CPU.ActiveCfg = Release|Any CPU
		{4BA3B903-E901-4D75-B057-54B8FC0FBF10}.Release|Any CPU.Build.0 = Release|Any CPU
		{AF4389FE-26E8-4827-A441-3308E2567A79}.Debug|Any CPU.ActiveCfg = Debug|Any CPU
		{AF4389FE-26E8-4827-A441-3308E2567A79}.Debug|Any CPU.Build.0 = Debug|Any CPU
		{AF4389FE-26E8-4827-A441-3308E2567A79}.Release|Any CPU.ActiveCfg = Release|Any CPU
		{AF4389FE-26E8-4827-A441-3308E2567A79}.Release|Any CPU.Build.0 = Release|Any CPU
		{CA258381-0325-4B27-B69B-33BBDDC46124}.Debug|Any CPU.ActiveCfg = Debug|Any CPU
		{CA258381-0325-4B27-B69B-33BBDDC46124}.Debug|Any CPU.Build.0 = Debug|Any CPU
		{CA258381-0325-4B27-B69B-33BBDDC46124}.Release|Any CPU.ActiveCfg = Release|Any CPU
		{CA258381-0325-4B27-B69B-33BBDDC46124}.Release|Any CPU.Build.0 = Release|Any CPU
		{8DD412DD-EC18-4A17-A961-8B2479AE4948}.Debug|Any CPU.ActiveCfg = Debug|Any CPU
		{8DD412DD-EC18-4A17-A961-8B2479AE4948}.Debug|Any CPU.Build.0 = Debug|Any CPU
		{8DD412DD-EC18-4A17-A961-8B2479AE4948}.Release|Any CPU.ActiveCfg = Release|Any CPU
		{8DD412DD-EC18-4A17-A961-8B2479AE4948}.Release|Any CPU.Build.0 = Release|Any CPU
		{B4BA42E3-8E0A-459C-A575-045C93BECE8E}.Debug|Any CPU.ActiveCfg = Debug|Any CPU
		{B4BA42E3-8E0A-459C-A575-045C93BECE8E}.Debug|Any CPU.Build.0 = Debug|Any CPU
		{B4BA42E3-8E0A-459C-A575-045C93BECE8E}.Release|Any CPU.ActiveCfg = Release|Any CPU
		{B4BA42E3-8E0A-459C-A575-045C93BECE8E}.Release|Any CPU.Build.0 = Release|Any CPU
		{0911B4E8-F4D1-4DDE-B95B-800E98EF4404}.Debug|Any CPU.ActiveCfg = Debug|Any CPU
		{0911B4E8-F4D1-4DDE-B95B-800E98EF4404}.Debug|Any CPU.Build.0 = Debug|Any CPU
		{0911B4E8-F4D1-4DDE-B95B-800E98EF4404}.Release|Any CPU.ActiveCfg = Release|Any CPU
		{0911B4E8-F4D1-4DDE-B95B-800E98EF4404}.Release|Any CPU.Build.0 = Release|Any CPU
		{40667819-B780-49E4-BAEB-F1848E1C6398}.Debug|Any CPU.ActiveCfg = Debug|Any CPU
		{40667819-B780-49E4-BAEB-F1848E1C6398}.Debug|Any CPU.Build.0 = Debug|Any CPU
		{40667819-B780-49E4-BAEB-F1848E1C6398}.Release|Any CPU.ActiveCfg = Release|Any CPU
		{40667819-B780-49E4-BAEB-F1848E1C6398}.Release|Any CPU.Build.0 = Release|Any CPU
		{1DF69054-90CE-4934-8CAD-74359353EC1A}.Debug|Any CPU.ActiveCfg = Debug|Any CPU
		{1DF69054-90CE-4934-8CAD-74359353EC1A}.Debug|Any CPU.Build.0 = Debug|Any CPU
		{1DF69054-90CE-4934-8CAD-74359353EC1A}.Release|Any CPU.ActiveCfg = Release|Any CPU
		{1DF69054-90CE-4934-8CAD-74359353EC1A}.Release|Any CPU.Build.0 = Release|Any CPU
		{373F9563-5B25-409D-83AA-BE66014B7F7A}.Debug|Any CPU.ActiveCfg = Debug|Any CPU
		{373F9563-5B25-409D-83AA-BE66014B7F7A}.Debug|Any CPU.Build.0 = Debug|Any CPU
		{373F9563-5B25-409D-83AA-BE66014B7F7A}.Release|Any CPU.ActiveCfg = Release|Any CPU
		{373F9563-5B25-409D-83AA-BE66014B7F7A}.Release|Any CPU.Build.0 = Release|Any CPU
		{F25CCC8D-C61E-44C9-B19D-B7263D2BF1AF}.Debug|Any CPU.ActiveCfg = Debug|Any CPU
		{F25CCC8D-C61E-44C9-B19D-B7263D2BF1AF}.Debug|Any CPU.Build.0 = Debug|Any CPU
		{F25CCC8D-C61E-44C9-B19D-B7263D2BF1AF}.Release|Any CPU.ActiveCfg = Release|Any CPU
		{F25CCC8D-C61E-44C9-B19D-B7263D2BF1AF}.Release|Any CPU.Build.0 = Release|Any CPU
		{BC8CCD28-6916-4B74-9D78-03B74E989392}.Debug|Any CPU.ActiveCfg = Debug|Any CPU
		{BC8CCD28-6916-4B74-9D78-03B74E989392}.Debug|Any CPU.Build.0 = Debug|Any CPU
		{BC8CCD28-6916-4B74-9D78-03B74E989392}.Release|Any CPU.ActiveCfg = Release|Any CPU
		{BC8CCD28-6916-4B74-9D78-03B74E989392}.Release|Any CPU.Build.0 = Release|Any CPU
		{9220BCA2-8D9E-4BA3-AF78-F35D97314C64}.Debug|Any CPU.ActiveCfg = Debug|Any CPU
		{9220BCA2-8D9E-4BA3-AF78-F35D97314C64}.Debug|Any CPU.Build.0 = Debug|Any CPU
		{9220BCA2-8D9E-4BA3-AF78-F35D97314C64}.Release|Any CPU.ActiveCfg = Release|Any CPU
		{9220BCA2-8D9E-4BA3-AF78-F35D97314C64}.Release|Any CPU.Build.0 = Release|Any CPU
		{0F17A621-7F82-41AF-9A4F-4D679DC12398}.Debug|Any CPU.ActiveCfg = Debug|Any CPU
		{0F17A621-7F82-41AF-9A4F-4D679DC12398}.Debug|Any CPU.Build.0 = Debug|Any CPU
		{0F17A621-7F82-41AF-9A4F-4D679DC12398}.Release|Any CPU.ActiveCfg = Release|Any CPU
		{0F17A621-7F82-41AF-9A4F-4D679DC12398}.Release|Any CPU.Build.0 = Release|Any CPU
		{BA4A3D2C-022C-4342-BE9E-CC1F148CA2D7}.Debug|Any CPU.ActiveCfg = Debug|Any CPU
		{BA4A3D2C-022C-4342-BE9E-CC1F148CA2D7}.Debug|Any CPU.Build.0 = Debug|Any CPU
		{BA4A3D2C-022C-4342-BE9E-CC1F148CA2D7}.Release|Any CPU.ActiveCfg = Release|Any CPU
		{BA4A3D2C-022C-4342-BE9E-CC1F148CA2D7}.Release|Any CPU.Build.0 = Release|Any CPU
	EndGlobalSection
	GlobalSection(SolutionProperties) = preSolution
		HideSolutionNode = FALSE
	EndGlobalSection
	GlobalSection(NestedProjects) = preSolution
		{C2D76F8C-95D8-4458-A52A-8C0D6BA5ECAC} = {8ACBCBD5-B666-41EE-BBFA-E7AB339DEA1A}
		{5EDF88AD-BC0F-4149-BE83-D58024924BDC} = {8ACBCBD5-B666-41EE-BBFA-E7AB339DEA1A}
		{E75D7F76-0DFD-4CA3-9AFF-2466689428AF} = {8ACBCBD5-B666-41EE-BBFA-E7AB339DEA1A}
		{4DB40983-970D-4009-80F6-1973F0E6AD46} = {DC91B3B4-7766-427A-9757-B8F0A48C53D7}
		{B84CE394-918B-4DC3-B45F-ACA17A411FBD} = {DC91B3B4-7766-427A-9757-B8F0A48C53D7}
		{7837DAAF-6AA8-460E-990D-0B87DBDE58B1} = {DC91B3B4-7766-427A-9757-B8F0A48C53D7}
		{B0E20494-FDB3-4F2C-9F9D-621941DCB84C} = {2DFB76E5-4CFC-49BC-9BE5-2E54A8CF0861}
		{E59AEA31-6857-49E6-AC39-35D96CB60B38} = {2DFB76E5-4CFC-49BC-9BE5-2E54A8CF0861}
		{D1EC7864-3B6A-4EF4-8711-61EC5C5F46C6} = {2DFB76E5-4CFC-49BC-9BE5-2E54A8CF0861}
		{FC79F0CF-F979-4ACC-810C-5E8C3D134C34} = {5672E850-B392-4F29-B402-FCD244956AD4}
		{4BA3B903-E901-4D75-B057-54B8FC0FBF10} = {5672E850-B392-4F29-B402-FCD244956AD4}
		{AF4389FE-26E8-4827-A441-3308E2567A79} = {5672E850-B392-4F29-B402-FCD244956AD4}
		{CA258381-0325-4B27-B69B-33BBDDC46124} = {6666637D-D5FC-4CBC-9323-906F605D7F2B}
		{8DD412DD-EC18-4A17-A961-8B2479AE4948} = {6666637D-D5FC-4CBC-9323-906F605D7F2B}
		{B4BA42E3-8E0A-459C-A575-045C93BECE8E} = {6666637D-D5FC-4CBC-9323-906F605D7F2B}
		{0911B4E8-F4D1-4DDE-B95B-800E98EF4404} = {57CF704B-5FFB-4BCD-86E3-446EA455AD86}
		{40667819-B780-49E4-BAEB-F1848E1C6398} = {57CF704B-5FFB-4BCD-86E3-446EA455AD86}
		{1DF69054-90CE-4934-8CAD-74359353EC1A} = {57CF704B-5FFB-4BCD-86E3-446EA455AD86}
		{373F9563-5B25-409D-83AA-BE66014B7F7A} = {8C66F42F-E872-47EA-8935-13F2C248CAD2}
		{F25CCC8D-C61E-44C9-B19D-B7263D2BF1AF} = {8C66F42F-E872-47EA-8935-13F2C248CAD2}
		{BC8CCD28-6916-4B74-9D78-03B74E989392} = {8C66F42F-E872-47EA-8935-13F2C248CAD2}
		{9220BCA2-8D9E-4BA3-AF78-F35D97314C64} = {9943F027-2673-4721-BBFD-961AD0ED905F}
		{0F17A621-7F82-41AF-9A4F-4D679DC12398} = {9943F027-2673-4721-BBFD-961AD0ED905F}
		{BA4A3D2C-022C-4342-BE9E-CC1F148CA2D7} = {9943F027-2673-4721-BBFD-961AD0ED905F}
	EndGlobalSection
	GlobalSection(ExtensibilityGlobals) = postSolution
		SolutionGuid = {88889818-EB27-4409-B4A3-89A282F19A67}
	EndGlobalSection
EndGlobal
